// !$*UTF8*$!
{
	archiveVersion = 1;
	classes = {
	};
	objectVersion = 56;
	objects = {

/* Begin PBXBuildFile section */
		9D213ACE2A6C021E00A63B1A /* AppDelegate.swift in Sources */ = {isa = PBXBuildFile; fileRef = 9D213ACD2A6C021E00A63B1A /* AppDelegate.swift */; };
		9D213AD02A6C021E00A63B1A /* SceneDelegate.swift in Sources */ = {isa = PBXBuildFile; fileRef = 9D213ACF2A6C021E00A63B1A /* SceneDelegate.swift */; };
		9D213AD22A6C021E00A63B1A /* ViewController.swift in Sources */ = {isa = PBXBuildFile; fileRef = 9D213AD12A6C021E00A63B1A /* ViewController.swift */; };
		9D213AD72A6C021F00A63B1A /* Assets.xcassets in Resources */ = {isa = PBXBuildFile; fileRef = 9D213AD62A6C021F00A63B1A /* Assets.xcassets */; };
		9D213ADA2A6C021F00A63B1A /* LaunchScreen.storyboard in Resources */ = {isa = PBXBuildFile; fileRef = 9D213AD82A6C021F00A63B1A /* LaunchScreen.storyboard */; };
		9D213AE32A6C04BB00A63B1A /* FriendViewController.swift in Sources */ = {isa = PBXBuildFile; fileRef = 9D213AE22A6C04BB00A63B1A /* FriendViewController.swift */; };
		9D213AE52A6C04E400A63B1A /* GroupsViewController.swift in Sources */ = {isa = PBXBuildFile; fileRef = 9D213AE42A6C04E400A63B1A /* GroupsViewController.swift */; };
		9D213AE72A6C050000A63B1A /* PhotosViewController.swift in Sources */ = {isa = PBXBuildFile; fileRef = 9D213AE62A6C050000A63B1A /* PhotosViewController.swift */; };
		9D213AE92A6C052400A63B1A /* ProfileViewController.swift in Sources */ = {isa = PBXBuildFile; fileRef = 9D213AE82A6C052400A63B1A /* ProfileViewController.swift */; };
		9D213AEB2A6C059700A63B1A /* FileCache.swift in Sources */ = {isa = PBXBuildFile; fileRef = 9D213AEA2A6C059700A63B1A /* FileCache.swift */; };
		9D213AED2A6C05B400A63B1A /* Constants.swift in Sources */ = {isa = PBXBuildFile; fileRef = 9D213AEC2A6C05B400A63B1A /* Constants.swift */; };
		9D213AEF2A6C089B00A63B1A /* NetworkService.swift in Sources */ = {isa = PBXBuildFile; fileRef = 9D213AEE2A6C089B00A63B1A /* NetworkService.swift */; };
		9D213AF12A6C08B900A63B1A /* DateHelper.swift in Sources */ = {isa = PBXBuildFile; fileRef = 9D213AF02A6C08B900A63B1A /* DateHelper.swift */; };
		9D213AF32A6C08DC00A63B1A /* DataModel.swift in Sources */ = {isa = PBXBuildFile; fileRef = 9D213AF22A6C08DC00A63B1A /* DataModel.swift */; };
		9D213AF52A6C08FD00A63B1A /* Podfile.rb in Resources */ = {isa = PBXBuildFile; fileRef = 9D213AF42A6C08FD00A63B1A /* Podfile.rb */; };
		9D213AFA2A6C096E00A63B1A /* Theme.swift in Sources */ = {isa = PBXBuildFile; fileRef = 9D213AF92A6C096E00A63B1A /* Theme.swift */; };
		9D213AFC2A6C098400A63B1A /* ThemeSaver.swift in Sources */ = {isa = PBXBuildFile; fileRef = 9D213AFB2A6C098400A63B1A /* ThemeSaver.swift */; };
		9D213AFE2A6C0A6200A63B1A /* ThemeView.swift in Sources */ = {isa = PBXBuildFile; fileRef = 9D213AFD2A6C0A6200A63B1A /* ThemeView.swift */; };
		9D213B012A6C0AC800A63B1A /* UserModel.swift in Sources */ = {isa = PBXBuildFile; fileRef = 9D213B002A6C0AC800A63B1A /* UserModel.swift */; };
		9D213B032A6C0ADB00A63B1A /* FriendsModel.swift in Sources */ = {isa = PBXBuildFile; fileRef = 9D213B022A6C0ADB00A63B1A /* FriendsModel.swift */; };
		9D213B052A6C0AE600A63B1A /* PhotosModel.swift in Sources */ = {isa = PBXBuildFile; fileRef = 9D213B042A6C0AE600A63B1A /* PhotosModel.swift */; };
		9D213B072A6C0AF800A63B1A /* GroupsModel.swift in Sources */ = {isa = PBXBuildFile; fileRef = 9D213B062A6C0AF800A63B1A /* GroupsModel.swift */; };
		9D213B0A2A6C0B4500A63B1A /* FriendCell.swift in Sources */ = {isa = PBXBuildFile; fileRef = 9D213B092A6C0B4500A63B1A /* FriendCell.swift */; };
		9D213B0C2A6C0B6700A63B1A /* GroupCell.swift in Sources */ = {isa = PBXBuildFile; fileRef = 9D213B0B2A6C0B6700A63B1A /* GroupCell.swift */; };
		9D213B0E2A6C0B9100A63B1A /* PhotoCell.swift in Sources */ = {isa = PBXBuildFile; fileRef = 9D213B0D2A6C0B9100A63B1A /* PhotoCell.swift */; };
		9D213B112A6C0BB200A63B1A /* AppCode.swift in Sources */ = {isa = PBXBuildFile; fileRef = 9D213B102A6C0BB200A63B1A /* AppCode.swift */; };
/* End PBXBuildFile section */

/* Begin PBXFileReference section */
		9D213ACA2A6C021E00A63B1A /* Seminar7.app */ = {isa = PBXFileReference; explicitFileType = wrapper.application; includeInIndex = 0; path = Seminar7.app; sourceTree = BUILT_PRODUCTS_DIR; };
		9D213ACD2A6C021E00A63B1A /* AppDelegate.swift */ = {isa = PBXFileReference; lastKnownFileType = sourcecode.swift; path = AppDelegate.swift; sourceTree = "<group>"; };
		9D213ACF2A6C021E00A63B1A /* SceneDelegate.swift */ = {isa = PBXFileReference; lastKnownFileType = sourcecode.swift; path = SceneDelegate.swift; sourceTree = "<group>"; };
		9D213AD12A6C021E00A63B1A /* ViewController.swift */ = {isa = PBXFileReference; lastKnownFileType = sourcecode.swift; path = ViewController.swift; sourceTree = "<group>"; };
		9D213AD62A6C021F00A63B1A /* Assets.xcassets */ = {isa = PBXFileReference; lastKnownFileType = folder.assetcatalog; path = Assets.xcassets; sourceTree = "<group>"; };
		9D213AD92A6C021F00A63B1A /* Base */ = {isa = PBXFileReference; lastKnownFileType = file.storyboard; name = Base; path = Base.lproj/LaunchScreen.storyboard; sourceTree = "<group>"; };
		9D213ADB2A6C021F00A63B1A /* Info.plist */ = {isa = PBXFileReference; lastKnownFileType = text.plist.xml; path = Info.plist; sourceTree = "<group>"; };
		9D213AE22A6C04BB00A63B1A /* FriendViewController.swift */ = {isa = PBXFileReference; lastKnownFileType = sourcecode.swift; path = FriendViewController.swift; sourceTree = "<group>"; };
		9D213AE42A6C04E400A63B1A /* GroupsViewController.swift */ = {isa = PBXFileReference; lastKnownFileType = sourcecode.swift; path = GroupsViewController.swift; sourceTree = "<group>"; };
		9D213AE62A6C050000A63B1A /* PhotosViewController.swift */ = {isa = PBXFileReference; lastKnownFileType = sourcecode.swift; path = PhotosViewController.swift; sourceTree = "<group>"; };
		9D213AE82A6C052400A63B1A /* ProfileViewController.swift */ = {isa = PBXFileReference; lastKnownFileType = sourcecode.swift; path = ProfileViewController.swift; sourceTree = "<group>"; };
		9D213AEA2A6C059700A63B1A /* FileCache.swift */ = {isa = PBXFileReference; lastKnownFileType = sourcecode.swift; path = FileCache.swift; sourceTree = "<group>"; };
		9D213AEC2A6C05B400A63B1A /* Constants.swift */ = {isa = PBXFileReference; lastKnownFileType = sourcecode.swift; path = Constants.swift; sourceTree = "<group>"; };
		9D213AEE2A6C089B00A63B1A /* NetworkService.swift */ = {isa = PBXFileReference; lastKnownFileType = sourcecode.swift; path = NetworkService.swift; sourceTree = "<group>"; };
		9D213AF02A6C08B900A63B1A /* DateHelper.swift */ = {isa = PBXFileReference; lastKnownFileType = sourcecode.swift; path = DateHelper.swift; sourceTree = "<group>"; };
		9D213AF22A6C08DC00A63B1A /* DataModel.swift */ = {isa = PBXFileReference; lastKnownFileType = sourcecode.swift; path = DataModel.swift; sourceTree = "<group>"; };
		9D213AF42A6C08FD00A63B1A /* Podfile.rb */ = {isa = PBXFileReference; lastKnownFileType = text.script.ruby; path = Podfile.rb; sourceTree = "<group>"; };
		9D213AF92A6C096E00A63B1A /* Theme.swift */ = {isa = PBXFileReference; lastKnownFileType = sourcecode.swift; path = Theme.swift; sourceTree = "<group>"; };
		9D213AFB2A6C098400A63B1A /* ThemeSaver.swift */ = {isa = PBXFileReference; lastKnownFileType = sourcecode.swift; path = ThemeSaver.swift; sourceTree = "<group>"; };
		9D213AFD2A6C0A6200A63B1A /* ThemeView.swift */ = {isa = PBXFileReference; lastKnownFileType = sourcecode.swift; path = ThemeView.swift; sourceTree = "<group>"; };
		9D213B002A6C0AC800A63B1A /* UserModel.swift */ = {isa = PBXFileReference; lastKnownFileType = sourcecode.swift; path = UserModel.swift; sourceTree = "<group>"; };
		9D213B022A6C0ADB00A63B1A /* FriendsModel.swift */ = {isa = PBXFileReference; lastKnownFileType = sourcecode.swift; path = FriendsModel.swift; sourceTree = "<group>"; };
		9D213B042A6C0AE600A63B1A /* PhotosModel.swift */ = {isa = PBXFileReference; lastKnownFileType = sourcecode.swift; path = PhotosModel.swift; sourceTree = "<group>"; };
		9D213B062A6C0AF800A63B1A /* GroupsModel.swift */ = {isa = PBXFileReference; lastKnownFileType = sourcecode.swift; path = GroupsModel.swift; sourceTree = "<group>"; };
		9D213B092A6C0B4500A63B1A /* FriendCell.swift */ = {isa = PBXFileReference; lastKnownFileType = sourcecode.swift; path = FriendCell.swift; sourceTree = "<group>"; };
		9D213B0B2A6C0B6700A63B1A /* GroupCell.swift */ = {isa = PBXFileReference; lastKnownFileType = sourcecode.swift; path = GroupCell.swift; sourceTree = "<group>"; };
		9D213B0D2A6C0B9100A63B1A /* PhotoCell.swift */ = {isa = PBXFileReference; lastKnownFileType = sourcecode.swift; path = PhotoCell.swift; sourceTree = "<group>"; };
		9D213B102A6C0BB200A63B1A /* AppCode.swift */ = {isa = PBXFileReference; lastKnownFileType = sourcecode.swift; path = AppCode.swift; sourceTree = "<group>"; };
/* End PBXFileReference section */

/* Begin PBXFrameworksBuildPhase section */
		9D213AC72A6C021E00A63B1A /* Frameworks */ = {
			isa = PBXFrameworksBuildPhase;
			buildActionMask = 2147483647;
			files = (
			);
			runOnlyForDeploymentPostprocessing = 0;
		};
/* End PBXFrameworksBuildPhase section */

/* Begin PBXGroup section */
		9D213AC12A6C021E00A63B1A = {
			isa = PBXGroup;
			children = (
				9D213ACC2A6C021E00A63B1A /* Seminar7 */,
				9D213ACB2A6C021E00A63B1A /* Products */,
			);
			sourceTree = "<group>";
		};
		9D213ACB2A6C021E00A63B1A /* Products */ = {
			isa = PBXGroup;
			children = (
				9D213ACA2A6C021E00A63B1A /* Seminar7.app */,
			);
			name = Products;
			sourceTree = "<group>";
		};
		9D213ACC2A6C021E00A63B1A /* Seminar7 */ = {
			isa = PBXGroup;
			children = (
				9D213B0F2A6C0BA100A63B1A /* AppCode */,
				9D213B082A6C0B3800A63B1A /* Cell */,
				9D213AFF2A6C0A7900A63B1A /* Model */,
				9D213AF82A6C094D00A63B1A /* Theme */,
				9D213AE12A6C048400A63B1A /* ViewController */,
				9D213ACD2A6C021E00A63B1A /* AppDelegate.swift */,
				9D213ACF2A6C021E00A63B1A /* SceneDelegate.swift */,
				9D213AD62A6C021F00A63B1A /* Assets.xcassets */,
				9D213AD82A6C021F00A63B1A /* LaunchScreen.storyboard */,
				9D213ADB2A6C021F00A63B1A /* Info.plist */,
				9D213AEA2A6C059700A63B1A /* FileCache.swift */,
				9D213AEC2A6C05B400A63B1A /* Constants.swift */,
				9D213AEE2A6C089B00A63B1A /* NetworkService.swift */,
				9D213AF02A6C08B900A63B1A /* DateHelper.swift */,
				9D213AF22A6C08DC00A63B1A /* DataModel.swift */,
				9D213AF42A6C08FD00A63B1A /* Podfile.rb */,
			);
			path = Seminar7;
			sourceTree = "<group>";
		};
		9D213AE12A6C048400A63B1A /* ViewController */ = {
			isa = PBXGroup;
			children = (
				9D213AD12A6C021E00A63B1A /* ViewController.swift */,
				9D213AE22A6C04BB00A63B1A /* FriendViewController.swift */,
				9D213AE42A6C04E400A63B1A /* GroupsViewController.swift */,
				9D213AE62A6C050000A63B1A /* PhotosViewController.swift */,
				9D213AE82A6C052400A63B1A /* ProfileViewController.swift */,
			);
			path = ViewController;
			sourceTree = "<group>";
		};
		9D213AF82A6C094D00A63B1A /* Theme */ = {
			isa = PBXGroup;
			children = (
				9D213AF92A6C096E00A63B1A /* Theme.swift */,
				9D213AFB2A6C098400A63B1A /* ThemeSaver.swift */,
				9D213AFD2A6C0A6200A63B1A /* ThemeView.swift */,
			);
			path = Theme;
			sourceTree = "<group>";
		};
		9D213AFF2A6C0A7900A63B1A /* Model */ = {
			isa = PBXGroup;
			children = (
				9D213B002A6C0AC800A63B1A /* UserModel.swift */,
				9D213B022A6C0ADB00A63B1A /* FriendsModel.swift */,
				9D213B042A6C0AE600A63B1A /* PhotosModel.swift */,
				9D213B062A6C0AF800A63B1A /* GroupsModel.swift */,
			);
			path = Model;
			sourceTree = "<group>";
		};
		9D213B082A6C0B3800A63B1A /* Cell */ = {
			isa = PBXGroup;
			children = (
				9D213B092A6C0B4500A63B1A /* FriendCell.swift */,
				9D213B0B2A6C0B6700A63B1A /* GroupCell.swift */,
				9D213B0D2A6C0B9100A63B1A /* PhotoCell.swift */,
			);
			path = Cell;
			sourceTree = "<group>";
		};
		9D213B0F2A6C0BA100A63B1A /* AppCode */ = {
			isa = PBXGroup;
			children = (
				9D213B102A6C0BB200A63B1A /* AppCode.swift */,
			);
			path = AppCode;
			sourceTree = "<group>";
		};
/* End PBXGroup section */

/* Begin PBXNativeTarget section */
		9D213AC92A6C021E00A63B1A /* Seminar7 */ = {
			isa = PBXNativeTarget;
			buildConfigurationList = 9D213ADE2A6C021F00A63B1A /* Build configuration list for PBXNativeTarget "Seminar7" */;
			buildPhases = (
				9D213AC62A6C021E00A63B1A /* Sources */,
				9D213AC72A6C021E00A63B1A /* Frameworks */,
				9D213AC82A6C021E00A63B1A /* Resources */,
				9DC81DD22A6D3278001E72A6 /* ShellScript */,
			);
			buildRules = (
			);
			dependencies = (
			);
			name = Seminar7;
			productName = Seminar7;
			productReference = 9D213ACA2A6C021E00A63B1A /* Seminar7.app */;
			productType = "com.apple.product-type.application";
		};
/* End PBXNativeTarget section */

/* Begin PBXProject section */
		9D213AC22A6C021E00A63B1A /* Project object */ = {
			isa = PBXProject;
			attributes = {
				BuildIndependentTargetsInParallel = 1;
				LastSwiftUpdateCheck = 1430;
				LastUpgradeCheck = 1430;
				TargetAttributes = {
					9D213AC92A6C021E00A63B1A = {
						CreatedOnToolsVersion = 14.3;
					};
				};
			};
			buildConfigurationList = 9D213AC52A6C021E00A63B1A /* Build configuration list for PBXProject "Seminar7" */;
			compatibilityVersion = "Xcode 14.0";
			developmentRegion = en;
			hasScannedForEncodings = 0;
			knownRegions = (
				en,
				Base,
			);
			mainGroup = 9D213AC12A6C021E00A63B1A;
			productRefGroup = 9D213ACB2A6C021E00A63B1A /* Products */;
			projectDirPath = "";
			projectRoot = "";
			targets = (
				9D213AC92A6C021E00A63B1A /* Seminar7 */,
			);
		};
/* End PBXProject section */

/* Begin PBXResourcesBuildPhase section */
		9D213AC82A6C021E00A63B1A /* Resources */ = {
			isa = PBXResourcesBuildPhase;
			buildActionMask = 2147483647;
			files = (
				9D213AF52A6C08FD00A63B1A /* Podfile.rb in Resources */,
				9D213ADA2A6C021F00A63B1A /* LaunchScreen.storyboard in Resources */,
				9D213AD72A6C021F00A63B1A /* Assets.xcassets in Resources */,
			);
			runOnlyForDeploymentPostprocessing = 0;
		};
/* End PBXResourcesBuildPhase section */

/* Begin PBXShellScriptBuildPhase section */
		9DC81DD22A6D3278001E72A6 /* ShellScript */ = {
			isa = PBXShellScriptBuildPhase;
			buildActionMask = 2147483647;
			files = (
			);
			inputFileListPaths = (
			);
			inputPaths = (
			);
			outputFileListPaths = (
			);
			outputPaths = (
			);
			runOnlyForDeploymentPostprocessing = 0;
			shellPath = /bin/sh;
			shellScript = "# Type a script or drag a script file from your workspace to insert its path.\nSWIFT_LINT=/usr/local/bin/swiftlint\nif [[ -e \"${SWIFT_LINT}\" ]]; then\necho \"[I] Found SwiftLint at ${SWIFT_LINT}\"\nelse\necho \"[!] Local SwiftLint not found at ${SWIFT_LINT}\"\nexport SWIFT_LINT=${PWD}/Pods/SwiftLint/swiftlint\necho \"[I] Try to using SwiftLint from cocoapods at ${SWIFT_LINT}\"\nfi\nif [[ ! -e \"${SWIFT_LINT}\" ]]; then\necho \"[!] SwifLint is not installed.\"\necho \"[!] Expected location is '${SWIFT_LINT}'\"\necho \"[!] Please install it. eg. 'brew install swiftlint'\"\nexit 1\nfi\necho \"[I] SwiftLint version: $(${SWIFT_LINT} version)\"\ngit ls-files --other --modified --exclude-standard -- \"*.swift\" | while read filename; do\n$SWIFT_LINT lint --path \"$filename\";\n$SWIFT_LINT autocorrect --path \"$filename\";\ndone\n";
		};
/* End PBXShellScriptBuildPhase section */

/* Begin PBXSourcesBuildPhase section */
		9D213AC62A6C021E00A63B1A /* Sources */ = {
			isa = PBXSourcesBuildPhase;
			buildActionMask = 2147483647;
			files = (
				9D213B0C2A6C0B6700A63B1A /* GroupCell.swift in Sources */,
				9D213B112A6C0BB200A63B1A /* AppCode.swift in Sources */,
				9D213AEF2A6C089B00A63B1A /* NetworkService.swift in Sources */,
				9D213AE32A6C04BB00A63B1A /* FriendViewController.swift in Sources */,
				9D213B052A6C0AE600A63B1A /* PhotosModel.swift in Sources */,
				9D213AD22A6C021E00A63B1A /* ViewController.swift in Sources */,
				9D213ACE2A6C021E00A63B1A /* AppDelegate.swift in Sources */,
				9D213AFA2A6C096E00A63B1A /* Theme.swift in Sources */,
				9D213AE72A6C050000A63B1A /* PhotosViewController.swift in Sources */,
				9D213AF32A6C08DC00A63B1A /* DataModel.swift in Sources */,
				9D213AE92A6C052400A63B1A /* ProfileViewController.swift in Sources */,
				9D213AD02A6C021E00A63B1A /* SceneDelegate.swift in Sources */,
				9D213AEB2A6C059700A63B1A /* FileCache.swift in Sources */,
				9D213B012A6C0AC800A63B1A /* UserModel.swift in Sources */,
				9D213AE52A6C04E400A63B1A /* GroupsViewController.swift in Sources */,
				9D213AFC2A6C098400A63B1A /* ThemeSaver.swift in Sources */,
				9D213AF12A6C08B900A63B1A /* DateHelper.swift in Sources */,
				9D213B032A6C0ADB00A63B1A /* FriendsModel.swift in Sources */,
				9D213AFE2A6C0A6200A63B1A /* ThemeView.swift in Sources */,
				9D213AED2A6C05B400A63B1A /* Constants.swift in Sources */,
				9D213B072A6C0AF800A63B1A /* GroupsModel.swift in Sources */,
				9D213B0E2A6C0B9100A63B1A /* PhotoCell.swift in Sources */,
				9D213B0A2A6C0B4500A63B1A /* FriendCell.swift in Sources */,
			);
			runOnlyForDeploymentPostprocessing = 0;
		};
/* End PBXSourcesBuildPhase section */

/* Begin PBXVariantGroup section */
		9D213AD82A6C021F00A63B1A /* LaunchScreen.storyboard */ = {
			isa = PBXVariantGroup;
			children = (
				9D213AD92A6C021F00A63B1A /* Base */,
			);
			name = LaunchScreen.storyboard;
			sourceTree = "<group>";
		};
/* End PBXVariantGroup section */

/* Begin XCBuildConfiguration section */
		9D213ADC2A6C021F00A63B1A /* Debug */ = {
			isa = XCBuildConfiguration;
			buildSettings = {
				ALWAYS_SEARCH_USER_PATHS = NO;
				CLANG_ANALYZER_NONNULL = YES;
				CLANG_ANALYZER_NUMBER_OBJECT_CONVERSION = YES_AGGRESSIVE;
				CLANG_CXX_LANGUAGE_STANDARD = "gnu++20";
				CLANG_ENABLE_MODULES = YES;
				CLANG_ENABLE_OBJC_ARC = YES;
				CLANG_ENABLE_OBJC_WEAK = YES;
				CLANG_WARN_BLOCK_CAPTURE_AUTORELEASING = YES;
				CLANG_WARN_BOOL_CONVERSION = YES;
				CLANG_WARN_COMMA = YES;
				CLANG_WARN_CONSTANT_CONVERSION = YES;
				CLANG_WARN_DEPRECATED_OBJC_IMPLEMENTATIONS = YES;
				CLANG_WARN_DIRECT_OBJC_ISA_USAGE = YES_ERROR;
				CLANG_WARN_DOCUMENTATION_COMMENTS = YES;
				CLANG_WARN_EMPTY_BODY = YES;
				CLANG_WARN_ENUM_CONVERSION = YES;
				CLANG_WARN_INFINITE_RECURSION = YES;
				CLANG_WARN_INT_CONVERSION = YES;
				CLANG_WARN_NON_LITERAL_NULL_CONVERSION = YES;
				CLANG_WARN_OBJC_IMPLICIT_RETAIN_SELF = YES;
				CLANG_WARN_OBJC_LITERAL_CONVERSION = YES;
				CLANG_WARN_OBJC_ROOT_CLASS = YES_ERROR;
				CLANG_WARN_QUOTED_INCLUDE_IN_FRAMEWORK_HEADER = YES;
				CLANG_WARN_RANGE_LOOP_ANALYSIS = YES;
				CLANG_WARN_STRICT_PROTOTYPES = YES;
				CLANG_WARN_SUSPICIOUS_MOVE = YES;
				CLANG_WARN_UNGUARDED_AVAILABILITY = YES_AGGRESSIVE;
				CLANG_WARN_UNREACHABLE_CODE = YES;
				CLANG_WARN__DUPLICATE_METHOD_MATCH = YES;
				COPY_PHASE_STRIP = NO;
				DEBUG_INFORMATION_FORMAT = dwarf;
				ENABLE_STRICT_OBJC_MSGSEND = YES;
				ENABLE_TESTABILITY = YES;
				GCC_C_LANGUAGE_STANDARD = gnu11;
				GCC_DYNAMIC_NO_PIC = NO;
				GCC_NO_COMMON_BLOCKS = YES;
				GCC_OPTIMIZATION_LEVEL = 0;
				GCC_PREPROCESSOR_DEFINITIONS = (
					"DEBUG=1",
					"$(inherited)",
				);
				GCC_WARN_64_TO_32_BIT_CONVERSION = YES;
				GCC_WARN_ABOUT_RETURN_TYPE = YES_ERROR;
				GCC_WARN_UNDECLARED_SELECTOR = YES;
				GCC_WARN_UNINITIALIZED_AUTOS = YES_AGGRESSIVE;
				GCC_WARN_UNUSED_FUNCTION = YES;
				GCC_WARN_UNUSED_VARIABLE = YES;
				IPHONEOS_DEPLOYMENT_TARGET = 16.4;
				MTL_ENABLE_DEBUG_INFO = INCLUDE_SOURCE;
				MTL_FAST_MATH = YES;
				ONLY_ACTIVE_ARCH = YES;
				SDKROOT = iphoneos;
				SWIFT_ACTIVE_COMPILATION_CONDITIONS = DEBUG;
				SWIFT_OPTIMIZATION_LEVEL = "-Onone";
			};
			name = Debug;
		};
		9D213ADD2A6C021F00A63B1A /* Release */ = {
			isa = XCBuildConfiguration;
			buildSettings = {
				ALWAYS_SEARCH_USER_PATHS = NO;
				CLANG_ANALYZER_NONNULL = YES;
				CLANG_ANALYZER_NUMBER_OBJECT_CONVERSION = YES_AGGRESSIVE;
				CLANG_CXX_LANGUAGE_STANDARD = "gnu++20";
				CLANG_ENABLE_MODULES = YES;
				CLANG_ENABLE_OBJC_ARC = YES;
				CLANG_ENABLE_OBJC_WEAK = YES;
				CLANG_WARN_BLOCK_CAPTURE_AUTORELEASING = YES;
				CLANG_WARN_BOOL_CONVERSION = YES;
				CLANG_WARN_COMMA = YES;
				CLANG_WARN_CONSTANT_CONVERSION = YES;
				CLANG_WARN_DEPRECATED_OBJC_IMPLEMENTATIONS = YES;
				CLANG_WARN_DIRECT_OBJC_ISA_USAGE = YES_ERROR;
				CLANG_WARN_DOCUMENTATION_COMMENTS = YES;
				CLANG_WARN_EMPTY_BODY = YES;
				CLANG_WARN_ENUM_CONVERSION = YES;
				CLANG_WARN_INFINITE_RECURSION = YES;
				CLANG_WARN_INT_CONVERSION = YES;
				CLANG_WARN_NON_LITERAL_NULL_CONVERSION = YES;
				CLANG_WARN_OBJC_IMPLICIT_RETAIN_SELF = YES;
				CLANG_WARN_OBJC_LITERAL_CONVERSION = YES;
				CLANG_WARN_OBJC_ROOT_CLASS = YES_ERROR;
				CLANG_WARN_QUOTED_INCLUDE_IN_FRAMEWORK_HEADER = YES;
				CLANG_WARN_RANGE_LOOP_ANALYSIS = YES;
				CLANG_WARN_STRICT_PROTOTYPES = YES;
				CLANG_WARN_SUSPICIOUS_MOVE = YES;
				CLANG_WARN_UNGUARDED_AVAILABILITY = YES_AGGRESSIVE;
				CLANG_WARN_UNREACHABLE_CODE = YES;
				CLANG_WARN__DUPLICATE_METHOD_MATCH = YES;
				COPY_PHASE_STRIP = NO;
				DEBUG_INFORMATION_FORMAT = "dwarf-with-dsym";
				ENABLE_NS_ASSERTIONS = NO;
				ENABLE_STRICT_OBJC_MSGSEND = YES;
				GCC_C_LANGUAGE_STANDARD = gnu11;
				GCC_NO_COMMON_BLOCKS = YES;
				GCC_WARN_64_TO_32_BIT_CONVERSION = YES;
				GCC_WARN_ABOUT_RETURN_TYPE = YES_ERROR;
				GCC_WARN_UNDECLARED_SELECTOR = YES;
				GCC_WARN_UNINITIALIZED_AUTOS = YES_AGGRESSIVE;
				GCC_WARN_UNUSED_FUNCTION = YES;
				GCC_WARN_UNUSED_VARIABLE = YES;
				IPHONEOS_DEPLOYMENT_TARGET = 16.4;
				MTL_ENABLE_DEBUG_INFO = NO;
				MTL_FAST_MATH = YES;
				SDKROOT = iphoneos;
				SWIFT_COMPILATION_MODE = wholemodule;
				SWIFT_OPTIMIZATION_LEVEL = "-O";
				VALIDATE_PRODUCT = YES;
			};
			name = Release;
		};
		9D213ADF2A6C021F00A63B1A /* Debug */ = {
			isa = XCBuildConfiguration;
			buildSettings = {
				ASSETCATALOG_COMPILER_APPICON_NAME = AppIcon;
				ASSETCATALOG_COMPILER_GLOBAL_ACCENT_COLOR_NAME = AccentColor;
				CODE_SIGN_STYLE = Automatic;
				CURRENT_PROJECT_VERSION = 1;
				GENERATE_INFOPLIST_FILE = YES;
				INFOPLIST_FILE = Seminar7/Info.plist;
				INFOPLIST_KEY_UIApplicationSupportsIndirectInputEvents = YES;
				INFOPLIST_KEY_UILaunchStoryboardName = LaunchScreen;
				INFOPLIST_KEY_UISupportedInterfaceOrientations_iPad = "UIInterfaceOrientationPortrait UIInterfaceOrientationPortraitUpsideDown UIInterfaceOrientationLandscapeLeft UIInterfaceOrientationLandscapeRight";
				INFOPLIST_KEY_UISupportedInterfaceOrientations_iPhone = "UIInterfaceOrientationPortrait UIInterfaceOrientationLandscapeLeft UIInterfaceOrientationLandscapeRight";
				LD_RUNPATH_SEARCH_PATHS = (
					"$(inherited)",
					"@executable_path/Frameworks",
				);
				MARKETING_VERSION = 1.0;
				PRODUCT_BUNDLE_IDENTIFIER = "-.Seminar7";
				PRODUCT_NAME = "$(TARGET_NAME)";
				SWIFT_EMIT_LOC_STRINGS = YES;
				SWIFT_VERSION = 5.0;
				TARGETED_DEVICE_FAMILY = "1,2";
			};
			name = Debug;
		};
		9D213AE02A6C021F00A63B1A /* Release */ = {
			isa = XCBuildConfiguration;
			buildSettings = {
				ASSETCATALOG_COMPILER_APPICON_NAME = AppIcon;
				ASSETCATALOG_COMPILER_GLOBAL_ACCENT_COLOR_NAME = AccentColor;
				CODE_SIGN_STYLE = Automatic;
				CURRENT_PROJECT_VERSION = 1;
				GENERATE_INFOPLIST_FILE = YES;
				INFOPLIST_FILE = Seminar7/Info.plist;
				INFOPLIST_KEY_UIApplicationSupportsIndirectInputEvents = YES;
				INFOPLIST_KEY_UILaunchStoryboardName = LaunchScreen;
				INFOPLIST_KEY_UISupportedInterfaceOrientations_iPad = "UIInterfaceOrientationPortrait UIInterfaceOrientationPortraitUpsideDown UIInterfaceOrientationLandscapeLeft UIInterfaceOrientationLandscapeRight";
				INFOPLIST_KEY_UISupportedInterfaceOrientations_iPhone = "UIInterfaceOrientationPortrait UIInterfaceOrientationLandscapeLeft UIInterfaceOrientationLandscapeRight";
				LD_RUNPATH_SEARCH_PATHS = (
					"$(inherited)",
					"@executable_path/Frameworks",
				);
				MARKETING_VERSION = 1.0;
				PRODUCT_BUNDLE_IDENTIFIER = "-.Seminar7";
				PRODUCT_NAME = "$(TARGET_NAME)";
				SWIFT_EMIT_LOC_STRINGS = YES;
				SWIFT_VERSION = 5.0;
				TARGETED_DEVICE_FAMILY = "1,2";
			};
			name = Release;
		};
/* End XCBuildConfiguration section */

/* Begin XCConfigurationList section */
		9D213AC52A6C021E00A63B1A /* Build configuration list for PBXProject "Seminar7" */ = {
			isa = XCConfigurationList;
			buildConfigurations = (
				9D213ADC2A6C021F00A63B1A /* Debug */,
				9D213ADD2A6C021F00A63B1A /* Release */,
			);
			defaultConfigurationIsVisible = 0;
			defaultConfigurationName = Release;
		};
		9D213ADE2A6C021F00A63B1A /* Build configuration list for PBXNativeTarget "Seminar7" */ = {
			isa = XCConfigurationList;
			buildConfigurations = (
				9D213ADF2A6C021F00A63B1A /* Debug */,
				9D213AE02A6C021F00A63B1A /* Release */,
			);
			defaultConfigurationIsVisible = 0;
			defaultConfigurationName = Release;
		};
/* End XCConfigurationList section */
	};
	rootObject = 9D213AC22A6C021E00A63B1A /* Project object */;
}
